
Microsoft Visual Studio Solution File, Format Version 12.00
# Visual Studio Version 16
VisualStudioVersion = 16.0.29806.167
MinimumVisualStudioVersion = 10.0.40219.1
Project("{FAE04EC0-301F-11D3-BF4B-00C04F79EFBC}") = "HeapValidator", "HeapValidator\HeapValidator.csproj", "{F9A01317-A57A-45E9-A111-7FD957DB8C1A}"
EndProject
Global
	GlobalSection(SolutionConfigurationPlatforms) = preSolution
		Debug|Any CPU = Debug|Any CPU
		Release|Any CPU = Release|Any CPU
	EndGlobalSection
	GlobalSection(ProjectConfigurationPlatforms) = postSolution
		{F9A01317-A57A-45E9-A111-7FD957DB8C1A}.Debug|Any CPU.ActiveCfg = Debug|Any CPU
		{F9A01317-A57A-45E9-A111-7FD957DB8C1A}.Debug|Any CPU.Build.0 = Debug|Any CPU
		{F9A01317-A57A-45E9-A111-7FD957DB8C1A}.Release|Any CPU.ActiveCfg = Release|Any CPU
		{F9A01317-A57A-45E9-A111-7FD957DB8C1A}.Release|Any CPU.Build.0 = Release|Any CPU
	EndGlobalSection
	GlobalSection(SolutionProperties) = preSolution
		HideSolutionNode = FALSE
	EndGlobalSection
	GlobalSection(ExtensibilityGlobals) = postSolution
		SolutionGuid = {B49C53EC-4B55-443F-984D-F44ACF9ADEEE}
	EndGlobalSection
EndGlobal
